
Microsoft Visual Studio Solution File, Format Version 12.00
# Visual Studio Version 16
VisualStudioVersion = 16.0.31424.327
MinimumVisualStudioVersion = 10.0.40219.1
Project("{8BC9CEB8-8B4A-11D0-8D11-00A0C91BC942}") = "RemoveDuplicates", "RemoveDuplicates\RemoveDuplicates.vcxproj", "{78E748BB-36C0-4724-B39A-C2B5144A142D}"
EndProject
Global
	GlobalSection(SolutionConfigurationPlatforms) = preSolution
		Debug|x64 = Debug|x64
		Debug|x86 = Debug|x86
		Release|x64 = Release|x64
		Release|x86 = Release|x86
	EndGlobalSection
	GlobalSection(ProjectConfigurationPlatforms) = postSolution
		{78E748BB-36C0-4724-B39A-C2B5144A142D}.Debug|x64.ActiveCfg = Debug|x64
		{78E748BB-36C0-4724-B39A-C2B5144A142D}.Debug|x64.Build.0 = Debug|x64
		{78E748BB-36C0-4724-B39A-C2B5144A142D}.Debug|x86.ActiveCfg = Debug|Win32
		{78E748BB-36C0-4724-B39A-C2B5144A142D}.Debug|x86.Build.0 = Debug|Win32
		{78E748BB-36C0-4724-B39A-C2B5144A142D}.Release|x64.ActiveCfg = Release|x64
		{78E748BB-36C0-4724-B39A-C2B5144A142D}.Release|x64.Build.0 = Release|x64
		{78E748BB-36C0-4724-B39A-C2B5144A142D}.Release|x86.ActiveCfg = Release|Win32
		{78E748BB-36C0-4724-B39A-C2B5144A142D}.Release|x86.Build.0 = Release|Win32
	EndGlobalSection
	GlobalSection(SolutionProperties) = preSolution
		HideSolutionNode = FALSE
	EndGlobalSection
	GlobalSection(ExtensibilityGlobals) = postSolution
		SolutionGuid = {D06E212E-1F32-44A7-926D-93125C13DED0}
	EndGlobalSection
EndGlobal
